{
  "originHash" : "7f8dc02b0065be779873bdc5b585794a5005edfeb5a5e51a04644d5b3c18e322",
  "pins" : [
    {
      "identity" : "automattic-tracks-ios",
      "kind" : "remoteSourceControl",
      "location" : "https://github.com/Automattic/Automattic-Tracks-iOS",
      "state" : {
        "revision" : "cc3200463d9b97d2c58d839d1534e77e5bfa66c3",
        "version" : "3.4.1"
      }
    },
    {
      "identity" : "sentry-cocoa",
      "kind" : "remoteSourceControl",
      "location" : "https://github.com/getsentry/sentry-cocoa",
      "state" : {
        "revision" : "a62862c99f5bcb28fd78617fab1a5fe29607c06c",
        "version" : "8.28.0"
      }
    },
    {
      "identity" : "simplenoteendpoints-swift",
      "kind" : "remoteSourceControl",
      "location" : "https://github.com/Automattic/SimplenoteEndpoints-Swift",
      "state" : {
        "revision" : "3d1c0a5db39ca798a7de10e7faeef8ae66e941e6",
        "version" : "1.0.0"
      }
    },
    {
      "identity" : "simplenotefoundation-swift",
      "kind" : "remoteSourceControl",
      "location" : "git@github.com:Automattic/SimplenoteFoundation-Swift.git",
      "state" : {
        "revision" : "2731e4d28c42d394ddc62cd864d9f7ff96759228",
        "version" : "1.3.0"
      }
    },
    {
      "identity" : "simplenoteinterlinks-swift",
      "kind" : "remoteSourceControl",
      "location" : "git@github.com:Automattic/SimplenoteInterlinks-Swift.git",
      "state" : {
        "revision" : "be3827a5bf05c5349ed62126c3e1dc60a2a6cee6",
        "version" : "1.1.0"
      }
    },
    {
      "identity" : "simplenotesearch-swift",
      "kind" : "remoteSourceControl",
      "location" : "git@github.com:Automattic/SimplenoteSearch-Swift.git",
      "state" : {
        "revision" : "499d2809d169fcbeb9ff75568d9f1f937f290ffc",
        "version" : "1.3.0"
      }
    },
    {
      "identity" : "swift-sodium",
      "kind" : "remoteSourceControl",
      "location" : "https://github.com/jedisct1/swift-sodium",
      "state" : {
        "revision" : "4f9164a0a2c9a6a7ff53a2833d54a5c79c957342",
        "version" : "0.9.1"
      }
    },
    {
      "identity" : "uideviceidentifier",
      "kind" : "remoteSourceControl",
      "location" : "https://github.com/squarefrog/UIDeviceIdentifier",
      "state" : {
        "revision" : "4699794b08bb79a4d77785edaba6ea739e298e4b",
        "version" : "2.3.0"
      }
    }
  ],
  "version" : 3
}
